// !$*UTF8*$!
{
	archiveVersion = 1;
	classes = {
	};
	objectVersion = 50;
	objects = {

/* Begin PBXBuildFile section */
		5DCFC34922C108A6005CE98D /* AppDelegate.swift in Sources */ = {isa = PBXBuildFile; fileRef = 5DCFC34822C108A6005CE98D /* AppDelegate.swift */; };
		5DCFC34B22C108A6005CE98D /* ViewController.swift in Sources */ = {isa = PBXBuildFile; fileRef = 5DCFC34A22C108A6005CE98D /* ViewController.swift */; };
		5DCFC34E22C108A6005CE98D /* Main.storyboard in Resources */ = {isa = PBXBuildFile; fileRef = 5DCFC34C22C108A6005CE98D /* Main.storyboard */; };
		5DCFC35022C108A7005CE98D /* Assets.xcassets in Resources */ = {isa = PBXBuildFile; fileRef = 5DCFC34F22C108A7005CE98D /* Assets.xcassets */; };
		5DCFC35322C108A7005CE98D /* LaunchScreen.storyboard in Resources */ = {isa = PBXBuildFile; fileRef = 5DCFC35122C108A7005CE98D /* LaunchScreen.storyboard */; };
		5DCFC35E22C108A7005CE98D /* Hahn_Tabbar_SwfirTests.swift in Sources */ = {isa = PBXBuildFile; fileRef = 5DCFC35D22C108A7005CE98D /* Hahn_Tabbar_SwfirTests.swift */; };
		5DCFC36922C108A7005CE98D /* Hahn_Tabbar_SwfirUITests.swift in Sources */ = {isa = PBXBuildFile; fileRef = 5DCFC36822C108A7005CE98D /* Hahn_Tabbar_SwfirUITests.swift */; };
		5DCFC37A22C1098A005CE98D /* Demo1ViewController.swift in Sources */ = {isa = PBXBuildFile; fileRef = 5DCFC37922C1098A005CE98D /* Demo1ViewController.swift */; };
		5DCFC37C22C109CF005CE98D /* Demo2ViewController.swift in Sources */ = {isa = PBXBuildFile; fileRef = 5DCFC37B22C109CF005CE98D /* Demo2ViewController.swift */; };
		5DCFC37E22C10CB8005CE98D /* Demo3ViewController.swift in Sources */ = {isa = PBXBuildFile; fileRef = 5DCFC37D22C10CB8005CE98D /* Demo3ViewController.swift */; };
		5DCFC38022C10DF7005CE98D /* Demo4ViewController.swift in Sources */ = {isa = PBXBuildFile; fileRef = 5DCFC37F22C10DF7005CE98D /* Demo4ViewController.swift */; };
		5DCFC38222C10E1C005CE98D /* Demo5ViewController.swift in Sources */ = {isa = PBXBuildFile; fileRef = 5DCFC38122C10E1C005CE98D /* Demo5ViewController.swift */; };
		5DCFC38422C10E4C005CE98D /* TabBarViewController.swift in Sources */ = {isa = PBXBuildFile; fileRef = 5DCFC38322C10E4C005CE98D /* TabBarViewController.swift */; };
/* End PBXBuildFile section */

/* Begin PBXContainerItemProxy section */
		5DCFC35A22C108A7005CE98D /* PBXContainerItemProxy */ = {
			isa = PBXContainerItemProxy;
			containerPortal = 5DCFC33D22C108A6005CE98D /* Project object */;
			proxyType = 1;
			remoteGlobalIDString = 5DCFC34422C108A6005CE98D;
			remoteInfo = Hahn_Tabbar_Swfir;
		};
		5DCFC36522C108A7005CE98D /* PBXContainerItemProxy */ = {
			isa = PBXContainerItemProxy;
			containerPortal = 5DCFC33D22C108A6005CE98D /* Project object */;
			proxyType = 1;
			remoteGlobalIDString = 5DCFC34422C108A6005CE98D;
			remoteInfo = Hahn_Tabbar_Swfir;
		};
/* End PBXContainerItemProxy section */

/* Begin PBXFileReference section */
		5DCFC34522C108A6005CE98D /* Hahn_Tabbar_Swfir.app */ = {isa = PBXFileReference; explicitFileType = wrapper.application; includeInIndex = 0; path = Hahn_Tabbar_Swfir.app; sourceTree = BUILT_PRODUCTS_DIR; };
		5DCFC34822C108A6005CE98D /* AppDelegate.swift */ = {isa = PBXFileReference; lastKnownFileType = sourcecode.swift; path = AppDelegate.swift; sourceTree = "<group>"; };
		5DCFC34A22C108A6005CE98D /* ViewController.swift */ = {isa = PBXFileReference; lastKnownFileType = sourcecode.swift; path = ViewController.swift; sourceTree = "<group>"; };
		5DCFC34D22C108A6005CE98D /* Base */ = {isa = PBXFileReference; lastKnownFileType = file.storyboard; name = Base; path = Base.lproj/Main.storyboard; sourceTree = "<group>"; };
		5DCFC34F22C108A7005CE98D /* Assets.xcassets */ = {isa = PBXFileReference; lastKnownFileType = folder.assetcatalog; path = Assets.xcassets; sourceTree = "<group>"; };
		5DCFC35222C108A7005CE98D /* Base */ = {isa = PBXFileReference; lastKnownFileType = file.storyboard; name = Base; path = Base.lproj/LaunchScreen.storyboard; sourceTree = "<group>"; };
		5DCFC35422C108A7005CE98D /* Info.plist */ = {isa = PBXFileReference; lastKnownFileType = text.plist.xml; path = Info.plist; sourceTree = "<group>"; };
		5DCFC35922C108A7005CE98D /* Hahn_Tabbar_SwfirTests.xctest */ = {isa = PBXFileReference; explicitFileType = wrapper.cfbundle; includeInIndex = 0; path = Hahn_Tabbar_SwfirTests.xctest; sourceTree = BUILT_PRODUCTS_DIR; };
		5DCFC35D22C108A7005CE98D /* Hahn_Tabbar_SwfirTests.swift */ = {isa = PBXFileReference; lastKnownFileType = sourcecode.swift; path = Hahn_Tabbar_SwfirTests.swift; sourceTree = "<group>"; };
		5DCFC35F22C108A7005CE98D /* Info.plist */ = {isa = PBXFileReference; lastKnownFileType = text.plist.xml; path = Info.plist; sourceTree = "<group>"; };
		5DCFC36422C108A7005CE98D /* Hahn_Tabbar_SwfirUITests.xctest */ = {isa = PBXFileReference; explicitFileType = wrapper.cfbundle; includeInIndex = 0; path = Hahn_Tabbar_SwfirUITests.xctest; sourceTree = BUILT_PRODUCTS_DIR; };
		5DCFC36822C108A7005CE98D /* Hahn_Tabbar_SwfirUITests.swift */ = {isa = PBXFileReference; lastKnownFileType = sourcecode.swift; path = Hahn_Tabbar_SwfirUITests.swift; sourceTree = "<group>"; };
		5DCFC36A22C108A7005CE98D /* Info.plist */ = {isa = PBXFileReference; lastKnownFileType = text.plist.xml; path = Info.plist; sourceTree = "<group>"; };
		5DCFC37922C1098A005CE98D /* Demo1ViewController.swift */ = {isa = PBXFileReference; lastKnownFileType = sourcecode.swift; path = Demo1ViewController.swift; sourceTree = "<group>"; };
		5DCFC37B22C109CF005CE98D /* Demo2ViewController.swift */ = {isa = PBXFileReference; lastKnownFileType = sourcecode.swift; path = Demo2ViewController.swift; sourceTree = "<group>"; };
		5DCFC37D22C10CB8005CE98D /* Demo3ViewController.swift */ = {isa = PBXFileReference; lastKnownFileType = sourcecode.swift; path = Demo3ViewController.swift; sourceTree = "<group>"; };
		5DCFC37F22C10DF7005CE98D /* Demo4ViewController.swift */ = {isa = PBXFileReference; lastKnownFileType = sourcecode.swift; path = Demo4ViewController.swift; sourceTree = "<group>"; };
		5DCFC38122C10E1C005CE98D /* Demo5ViewController.swift */ = {isa = PBXFileReference; lastKnownFileType = sourcecode.swift; path = Demo5ViewController.swift; sourceTree = "<group>"; };
		5DCFC38322C10E4C005CE98D /* TabBarViewController.swift */ = {isa = PBXFileReference; lastKnownFileType = sourcecode.swift; path = TabBarViewController.swift; sourceTree = "<group>"; };
/* End PBXFileReference section */

/* Begin PBXFrameworksBuildPhase section */
		5DCFC34222C108A6005CE98D /* Frameworks */ = {
			isa = PBXFrameworksBuildPhase;
			buildActionMask = 2147483647;
			files = (
			);
			runOnlyForDeploymentPostprocessing = 0;
		};
		5DCFC35622C108A7005CE98D /* Frameworks */ = {
			isa = PBXFrameworksBuildPhase;
			buildActionMask = 2147483647;
			files = (
			);
			runOnlyForDeploymentPostprocessing = 0;
		};
		5DCFC36122C108A7005CE98D /* Frameworks */ = {
			isa = PBXFrameworksBuildPhase;
			buildActionMask = 2147483647;
			files = (
			);
			runOnlyForDeploymentPostprocessing = 0;
		};
/* End PBXFrameworksBuildPhase section */

/* Begin PBXGroup section */
		5DCFC33C22C108A6005CE98D = {
			isa = PBXGroup;
			children = (
				5DCFC34722C108A6005CE98D /* Hahn_Tabbar_Swfir */,
				5DCFC35C22C108A7005CE98D /* Hahn_Tabbar_SwfirTests */,
				5DCFC36722C108A7005CE98D /* Hahn_Tabbar_SwfirUITests */,
				5DCFC34622C108A6005CE98D /* Products */,
			);
			sourceTree = "<group>";
		};
		5DCFC34622C108A6005CE98D /* Products */ = {
			isa = PBXGroup;
			children = (
				5DCFC34522C108A6005CE98D /* Hahn_Tabbar_Swfir.app */,
				5DCFC35922C108A7005CE98D /* Hahn_Tabbar_SwfirTests.xctest */,
				5DCFC36422C108A7005CE98D /* Hahn_Tabbar_SwfirUITests.xctest */,
			);
			name = Products;
			sourceTree = "<group>";
		};
		5DCFC34722C108A6005CE98D /* Hahn_Tabbar_Swfir */ = {
			isa = PBXGroup;
			children = (
				5DCFC37722C1094F005CE98D /* DemoVC */,
				5DCFC37622C10942005CE98D /* TabBar */,
				5DCFC37822C10959005CE98D /* CustomTabBar */,
				5DCFC34822C108A6005CE98D /* AppDelegate.swift */,
				5DCFC34A22C108A6005CE98D /* ViewController.swift */,
				5DCFC34C22C108A6005CE98D /* Main.storyboard */,
				5DCFC34F22C108A7005CE98D /* Assets.xcassets */,
				5DCFC35122C108A7005CE98D /* LaunchScreen.storyboard */,
				5DCFC35422C108A7005CE98D /* Info.plist */,
			);
			path = Hahn_Tabbar_Swfir;
			sourceTree = "<group>";
		};
		5DCFC35C22C108A7005CE98D /* Hahn_Tabbar_SwfirTests */ = {
			isa = PBXGroup;
			children = (
				5DCFC35D22C108A7005CE98D /* Hahn_Tabbar_SwfirTests.swift */,
				5DCFC35F22C108A7005CE98D /* Info.plist */,
			);
			path = Hahn_Tabbar_SwfirTests;
			sourceTree = "<group>";
		};
		5DCFC36722C108A7005CE98D /* Hahn_Tabbar_SwfirUITests */ = {
			isa = PBXGroup;
			children = (
				5DCFC36822C108A7005CE98D /* Hahn_Tabbar_SwfirUITests.swift */,
				5DCFC36A22C108A7005CE98D /* Info.plist */,
			);
			path = Hahn_Tabbar_SwfirUITests;
			sourceTree = "<group>";
		};
		5DCFC37622C10942005CE98D /* TabBar */ = {
			isa = PBXGroup;
			children = (
				5DCFC38322C10E4C005CE98D /* TabBarViewController.swift */,
			);
			path = TabBar;
			sourceTree = "<group>";
		};
		5DCFC37722C1094F005CE98D /* DemoVC */ = {
			isa = PBXGroup;
			children = (
				5DCFC37922C1098A005CE98D /* Demo1ViewController.swift */,
				5DCFC37B22C109CF005CE98D /* Demo2ViewController.swift */,
				5DCFC37D22C10CB8005CE98D /* Demo3ViewController.swift */,
				5DCFC37F22C10DF7005CE98D /* Demo4ViewController.swift */,
				5DCFC38122C10E1C005CE98D /* Demo5ViewController.swift */,
			);
			path = DemoVC;
			sourceTree = "<group>";
		};
		5DCFC37822C10959005CE98D /* CustomTabBar */ = {
			isa = PBXGroup;
			children = (
			);
			path = CustomTabBar;
			sourceTree = "<group>";
		};
/* End PBXGroup section */

/* Begin PBXNativeTarget section */
		5DCFC34422C108A6005CE98D /* Hahn_Tabbar_Swfir */ = {
			isa = PBXNativeTarget;
			buildConfigurationList = 5DCFC36D22C108A7005CE98D /* Build configuration list for PBXNativeTarget "Hahn_Tabbar_Swfir" */;
			buildPhases = (
				5DCFC34122C108A6005CE98D /* Sources */,
				5DCFC34222C108A6005CE98D /* Frameworks */,
				5DCFC34322C108A6005CE98D /* Resources */,
			);
			buildRules = (
			);
			dependencies = (
			);
			name = Hahn_Tabbar_Swfir;
			productName = Hahn_Tabbar_Swfir;
			productReference = 5DCFC34522C108A6005CE98D /* Hahn_Tabbar_Swfir.app */;
			productType = "com.apple.product-type.application";
		};
		5DCFC35822C108A7005CE98D /* Hahn_Tabbar_SwfirTests */ = {
			isa = PBXNativeTarget;
			buildConfigurationList = 5DCFC37022C108A7005CE98D /* Build configuration list for PBXNativeTarget "Hahn_Tabbar_SwfirTests" */;
			buildPhases = (
				5DCFC35522C108A7005CE98D /* Sources */,
				5DCFC35622C108A7005CE98D /* Frameworks */,
				5DCFC35722C108A7005CE98D /* Resources */,
			);
			buildRules = (
			);
			dependencies = (
				5DCFC35B22C108A7005CE98D /* PBXTargetDependency */,
			);
			name = Hahn_Tabbar_SwfirTests;
			productName = Hahn_Tabbar_SwfirTests;
			productReference = 5DCFC35922C108A7005CE98D /* Hahn_Tabbar_SwfirTests.xctest */;
			productType = "com.apple.product-type.bundle.unit-test";
		};
		5DCFC36322C108A7005CE98D /* Hahn_Tabbar_SwfirUITests */ = {
			isa = PBXNativeTarget;
			buildConfigurationList = 5DCFC37322C108A7005CE98D /* Build configuration list for PBXNativeTarget "Hahn_Tabbar_SwfirUITests" */;
			buildPhases = (
				5DCFC36022C108A7005CE98D /* Sources */,
				5DCFC36122C108A7005CE98D /* Frameworks */,
				5DCFC36222C108A7005CE98D /* Resources */,
			);
			buildRules = (
			);
			dependencies = (
				5DCFC36622C108A7005CE98D /* PBXTargetDependency */,
			);
			name = Hahn_Tabbar_SwfirUITests;
			productName = Hahn_Tabbar_SwfirUITests;
			productReference = 5DCFC36422C108A7005CE98D /* Hahn_Tabbar_SwfirUITests.xctest */;
			productType = "com.apple.product-type.bundle.ui-testing";
		};
/* End PBXNativeTarget section */

/* Begin PBXProject section */
		5DCFC33D22C108A6005CE98D /* Project object */ = {
			isa = PBXProject;
			attributes = {
				LastSwiftUpdateCheck = 1020;
				LastUpgradeCheck = 1020;
				ORGANIZATIONNAME = Hahn;
				TargetAttributes = {
					5DCFC34422C108A6005CE98D = {
						CreatedOnToolsVersion = 10.2.1;
					};
					5DCFC35822C108A7005CE98D = {
						CreatedOnToolsVersion = 10.2.1;
						TestTargetID = 5DCFC34422C108A6005CE98D;
					};
					5DCFC36322C108A7005CE98D = {
						CreatedOnToolsVersion = 10.2.1;
						TestTargetID = 5DCFC34422C108A6005CE98D;
					};
				};
			};
			buildConfigurationList = 5DCFC34022C108A6005CE98D /* Build configuration list for PBXProject "Hahn_Tabbar_Swfir" */;
			compatibilityVersion = "Xcode 9.3";
			developmentRegion = en;
			hasScannedForEncodings = 0;
			knownRegions = (
				en,
				Base,
			);
			mainGroup = 5DCFC33C22C108A6005CE98D;
			productRefGroup = 5DCFC34622C108A6005CE98D /* Products */;
			projectDirPath = "";
			projectRoot = "";
			targets = (
				5DCFC34422C108A6005CE98D /* Hahn_Tabbar_Swfir */,
				5DCFC35822C108A7005CE98D /* Hahn_Tabbar_SwfirTests */,
				5DCFC36322C108A7005CE98D /* Hahn_Tabbar_SwfirUITests */,
			);
		};
/* End PBXProject section */

/* Begin PBXResourcesBuildPhase section */
		5DCFC34322C108A6005CE98D /* Resources */ = {
			isa = PBXResourcesBuildPhase;
			buildActionMask = 2147483647;
			files = (
				5DCFC35322C108A7005CE98D /* LaunchScreen.storyboard in Resources */,
				5DCFC35022C108A7005CE98D /* Assets.xcassets in Resources */,
				5DCFC34E22C108A6005CE98D /* Main.storyboard in Resources */,
			);
			runOnlyForDeploymentPostprocessing = 0;
		};
		5DCFC35722C108A7005CE98D /* Resources */ = {
			isa = PBXResourcesBuildPhase;
			buildActionMask = 2147483647;
			files = (
			);
			runOnlyForDeploymentPostprocessing = 0;
		};
		5DCFC36222C108A7005CE98D /* Resources */ = {
			isa = PBXResourcesBuildPhase;
			buildActionMask = 2147483647;
			files = (
			);
			runOnlyForDeploymentPostprocessing = 0;
		};
/* End PBXResourcesBuildPhase section */

/* Begin PBXSourcesBuildPhase section */
		5DCFC34122C108A6005CE98D /* Sources */ = {
			isa = PBXSourcesBuildPhase;
			buildActionMask = 2147483647;
			files = (
				5DCFC38422C10E4C005CE98D /* TabBarViewController.swift in Sources */,
				5DCFC37A22C1098A005CE98D /* Demo1ViewController.swift in Sources */,
				5DCFC34B22C108A6005CE98D /* ViewController.swift in Sources */,
				5DCFC38222C10E1C005CE98D /* Demo5ViewController.swift in Sources */,
				5DCFC38022C10DF7005CE98D /* Demo4ViewController.swift in Sources */,
				5DCFC37C22C109CF005CE98D /* Demo2ViewController.swift in Sources */,
				5DCFC37E22C10CB8005CE98D /* Demo3ViewController.swift in Sources */,
				5DCFC34922C108A6005CE98D /* AppDelegate.swift in Sources */,
			);
			runOnlyForDeploymentPostprocessing = 0;
		};
		5DCFC35522C108A7005CE98D /* Sources */ = {
			isa = PBXSourcesBuildPhase;
			buildActionMask = 2147483647;
			files = (
				5DCFC35E22C108A7005CE98D /* Hahn_Tabbar_SwfirTests.swift in Sources */,
			);
			runOnlyForDeploymentPostprocessing = 0;
		};
		5DCFC36022C108A7005CE98D /* Sources */ = {
			isa = PBXSourcesBuildPhase;
			buildActionMask = 2147483647;
			files = (
				5DCFC36922C108A7005CE98D /* Hahn_Tabbar_SwfirUITests.swift in Sources */,
			);
			runOnlyForDeploymentPostprocessing = 0;
		};
/* End PBXSourcesBuildPhase section */

/* Begin PBXTargetDependency section */
		5DCFC35B22C108A7005CE98D /* PBXTargetDependency */ = {
			isa = PBXTargetDependency;
			target = 5DCFC34422C108A6005CE98D /* Hahn_Tabbar_Swfir */;
			targetProxy = 5DCFC35A22C108A7005CE98D /* PBXContainerItemProxy */;
		};
		5DCFC36622C108A7005CE98D /* PBXTargetDependency */ = {
			isa = PBXTargetDependency;
			target = 5DCFC34422C108A6005CE98D /* Hahn_Tabbar_Swfir */;
			targetProxy = 5DCFC36522C108A7005CE98D /* PBXContainerItemProxy */;
		};
/* End PBXTargetDependency section */

/* Begin PBXVariantGroup section */
		5DCFC34C22C108A6005CE98D /* Main.storyboard */ = {
			isa = PBXVariantGroup;
			children = (
				5DCFC34D22C108A6005CE98D /* Base */,
			);
			name = Main.storyboard;
			sourceTree = "<group>";
		};
		5DCFC35122C108A7005CE98D /* LaunchScreen.storyboard */ = {
			isa = PBXVariantGroup;
			children = (
				5DCFC35222C108A7005CE98D /* Base */,
			);
			name = LaunchScreen.storyboard;
			sourceTree = "<group>";
		};
/* End PBXVariantGroup section */

/* Begin XCBuildConfiguration section */
		5DCFC36B22C108A7005CE98D /* Debug */ = {
			isa = XCBuildConfiguration;
			buildSettings = {
				ALWAYS_SEARCH_USER_PATHS = NO;
				CLANG_ANALYZER_NONNULL = YES;
				CLANG_ANALYZER_NUMBER_OBJECT_CONVERSION = YES_AGGRESSIVE;
				CLANG_CXX_LANGUAGE_STANDARD = "gnu++14";
				CLANG_CXX_LIBRARY = "libc++";
				CLANG_ENABLE_MODULES = YES;
				CLANG_ENABLE_OBJC_ARC = YES;
				CLANG_ENABLE_OBJC_WEAK = YES;
				CLANG_WARN_BLOCK_CAPTURE_AUTORELEASING = YES;
				CLANG_WARN_BOOL_CONVERSION = YES;
				CLANG_WARN_COMMA = YES;
				CLANG_WARN_CONSTANT_CONVERSION = YES;
				CLANG_WARN_DEPRECATED_OBJC_IMPLEMENTATIONS = YES;
				CLANG_WARN_DIRECT_OBJC_ISA_USAGE = YES_ERROR;
				CLANG_WARN_DOCUMENTATION_COMMENTS = YES;
				CLANG_WARN_EMPTY_BODY = YES;
				CLANG_WARN_ENUM_CONVERSION = YES;
				CLANG_WARN_INFINITE_RECURSION = YES;
				CLANG_WARN_INT_CONVERSION = YES;
				CLANG_WARN_NON_LITERAL_NULL_CONVERSION = YES;
				CLANG_WARN_OBJC_IMPLICIT_RETAIN_SELF = YES;
				CLANG_WARN_OBJC_LITERAL_CONVERSION = YES;
				CLANG_WARN_OBJC_ROOT_CLASS = YES_ERROR;
				CLANG_WARN_RANGE_LOOP_ANALYSIS = YES;
				CLANG_WARN_STRICT_PROTOTYPES = YES;
				CLANG_WARN_SUSPICIOUS_MOVE = YES;
				CLANG_WARN_UNGUARDED_AVAILABILITY = YES_AGGRESSIVE;
				CLANG_WARN_UNREACHABLE_CODE = YES;
				CLANG_WARN__DUPLICATE_METHOD_MATCH = YES;
				CODE_SIGN_IDENTITY = "iPhone Developer";
				COPY_PHASE_STRIP = NO;
				DEBUG_INFORMATION_FORMAT = dwarf;
				ENABLE_STRICT_OBJC_MSGSEND = YES;
				ENABLE_TESTABILITY = YES;
				GCC_C_LANGUAGE_STANDARD = gnu11;
				GCC_DYNAMIC_NO_PIC = NO;
				GCC_NO_COMMON_BLOCKS = YES;
				GCC_OPTIMIZATION_LEVEL = 0;
				GCC_PREPROCESSOR_DEFINITIONS = (
					"DEBUG=1",
					"$(inherited)",
				);
				GCC_WARN_64_TO_32_BIT_CONVERSION = YES;
				GCC_WARN_ABOUT_RETURN_TYPE = YES_ERROR;
				GCC_WARN_UNDECLARED_SELECTOR = YES;
				GCC_WARN_UNINITIALIZED_AUTOS = YES_AGGRESSIVE;
				GCC_WARN_UNUSED_FUNCTION = YES;
				GCC_WARN_UNUSED_VARIABLE = YES;
				IPHONEOS_DEPLOYMENT_TARGET = 12.2;
				MTL_ENABLE_DEBUG_INFO = INCLUDE_SOURCE;
				MTL_FAST_MATH = YES;
				ONLY_ACTIVE_ARCH = YES;
				SDKROOT = iphoneos;
				SWIFT_ACTIVE_COMPILATION_CONDITIONS = DEBUG;
				SWIFT_OPTIMIZATION_LEVEL = "-Onone";
			};
			name = Debug;
		};
		5DCFC36C22C108A7005CE98D /* Release */ = {
			isa = XCBuildConfiguration;
			buildSettings = {
				ALWAYS_SEARCH_USER_PATHS = NO;
				CLANG_ANALYZER_NONNULL = YES;
				CLANG_ANALYZER_NUMBER_OBJECT_CONVERSION = YES_AGGRESSIVE;
				CLANG_CXX_LANGUAGE_STANDARD = "gnu++14";
				CLANG_CXX_LIBRARY = "libc++";
				CLANG_ENABLE_MODULES = YES;
				CLANG_ENABLE_OBJC_ARC = YES;
				CLANG_ENABLE_OBJC_WEAK = YES;
				CLANG_WARN_BLOCK_CAPTURE_AUTORELEASING = YES;
				CLANG_WARN_BOOL_CONVERSION = YES;
				CLANG_WARN_COMMA = YES;
				CLANG_WARN_CONSTANT_CONVERSION = YES;
				CLANG_WARN_DEPRECATED_OBJC_IMPLEMENTATIONS = YES;
				CLANG_WARN_DIRECT_OBJC_ISA_USAGE = YES_ERROR;
				CLANG_WARN_DOCUMENTATION_COMMENTS = YES;
				CLANG_WARN_EMPTY_BODY = YES;
				CLANG_WARN_ENUM_CONVERSION = YES;
				CLANG_WARN_INFINITE_RECURSION = YES;
				CLANG_WARN_INT_CONVERSION = YES;
				CLANG_WARN_NON_LITERAL_NULL_CONVERSION = YES;
				CLANG_WARN_OBJC_IMPLICIT_RETAIN_SELF = YES;
				CLANG_WARN_OBJC_LITERAL_CONVERSION = YES;
				CLANG_WARN_OBJC_ROOT_CLASS = YES_ERROR;
				CLANG_WARN_RANGE_LOOP_ANALYSIS = YES;
				CLANG_WARN_STRICT_PROTOTYPES = YES;
				CLANG_WARN_SUSPICIOUS_MOVE = YES;
				CLANG_WARN_UNGUARDED_AVAILABILITY = YES_AGGRESSIVE;
				CLANG_WARN_UNREACHABLE_CODE = YES;
				CLANG_WARN__DUPLICATE_METHOD_MATCH = YES;
				CODE_SIGN_IDENTITY = "iPhone Developer";
				COPY_PHASE_STRIP = NO;
				DEBUG_INFORMATION_FORMAT = "dwarf-with-dsym";
				ENABLE_NS_ASSERTIONS = NO;
				ENABLE_STRICT_OBJC_MSGSEND = YES;
				GCC_C_LANGUAGE_STANDARD = gnu11;
				GCC_NO_COMMON_BLOCKS = YES;
				GCC_WARN_64_TO_32_BIT_CONVERSION = YES;
				GCC_WARN_ABOUT_RETURN_TYPE = YES_ERROR;
				GCC_WARN_UNDECLARED_SELECTOR = YES;
				GCC_WARN_UNINITIALIZED_AUTOS = YES_AGGRESSIVE;
				GCC_WARN_UNUSED_FUNCTION = YES;
				GCC_WARN_UNUSED_VARIABLE = YES;
				IPHONEOS_DEPLOYMENT_TARGET = 12.2;
				MTL_ENABLE_DEBUG_INFO = NO;
				MTL_FAST_MATH = YES;
				SDKROOT = iphoneos;
				SWIFT_COMPILATION_MODE = wholemodule;
				SWIFT_OPTIMIZATION_LEVEL = "-O";
				VALIDATE_PRODUCT = YES;
			};
			name = Release;
		};
		5DCFC36E22C108A7005CE98D /* Debug */ = {
			isa = XCBuildConfiguration;
			buildSettings = {
				ASSETCATALOG_COMPILER_APPICON_NAME = AppIcon;
				CODE_SIGN_STYLE = Automatic;
				DEVELOPMENT_TEAM = Q723CCF8JH;
				INFOPLIST_FILE = Hahn_Tabbar_Swfir/Info.plist;
				LD_RUNPATH_SEARCH_PATHS = (
					"$(inherited)",
					"@executable_path/Frameworks",
				);
				PRODUCT_BUNDLE_IDENTIFIER = "com.Hahn-Tabbar-Swfir.Hahn-Tabbar-Swfir";
				PRODUCT_NAME = "$(TARGET_NAME)";
				SWIFT_VERSION = 5.0;
				TARGETED_DEVICE_FAMILY = "1,2";
			};
			name = Debug;
		};
		5DCFC36F22C108A7005CE98D /* Release */ = {
			isa = XCBuildConfiguration;
			buildSettings = {
				ASSETCATALOG_COMPILER_APPICON_NAME = AppIcon;
				CODE_SIGN_STYLE = Automatic;
				DEVELOPMENT_TEAM = Q723CCF8JH;
				INFOPLIST_FILE = Hahn_Tabbar_Swfir/Info.plist;
				LD_RUNPATH_SEARCH_PATHS = (
					"$(inherited)",
					"@executable_path/Frameworks",
				);
				PRODUCT_BUNDLE_IDENTIFIER = "com.Hahn-Tabbar-Swfir.Hahn-Tabbar-Swfir";
				PRODUCT_NAME = "$(TARGET_NAME)";
				SWIFT_VERSION = 5.0;
				TARGETED_DEVICE_FAMILY = "1,2";
			};
			name = Release;
		};
		5DCFC37122C108A7005CE98D /* Debug */ = {
			isa = XCBuildConfiguration;
			buildSettings = {
				ALWAYS_EMBED_SWIFT_STANDARD_LIBRARIES = YES;
				BUNDLE_LOADER = "$(TEST_HOST)";
				CODE_SIGN_STYLE = Automatic;
				DEVELOPMENT_TEAM = Q723CCF8JH;
				INFOPLIST_FILE = Hahn_Tabbar_SwfirTests/Info.plist;
				LD_RUNPATH_SEARCH_PATHS = (
					"$(inherited)",
					"@executable_path/Frameworks",
					"@loader_path/Frameworks",
				);
				PRODUCT_BUNDLE_IDENTIFIER = "com.Hahn-Tabbar-Swfir.Hahn-Tabbar-SwfirTests";
				PRODUCT_NAME = "$(TARGET_NAME)";
				SWIFT_VERSION = 5.0;
				TARGETED_DEVICE_FAMILY = "1,2";
				TEST_HOST = "$(BUILT_PRODUCTS_DIR)/Hahn_Tabbar_Swfir.app/Hahn_Tabbar_Swfir";
			};
			name = Debug;
		};
		5DCFC37222C108A7005CE98D /* Release */ = {
			isa = XCBuildConfiguration;
			buildSettings = {
				ALWAYS_EMBED_SWIFT_STANDARD_LIBRARIES = YES;
				BUNDLE_LOADER = "$(TEST_HOST)";
				CODE_SIGN_STYLE = Automatic;
				DEVELOPMENT_TEAM = Q723CCF8JH;
				INFOPLIST_FILE = Hahn_Tabbar_SwfirTests/Info.plist;
				LD_RUNPATH_SEARCH_PATHS = (
					"$(inherited)",
					"@executable_path/Frameworks",
					"@loader_path/Frameworks",
				);
				PRODUCT_BUNDLE_IDENTIFIER = "com.Hahn-Tabbar-Swfir.Hahn-Tabbar-SwfirTests";
				PRODUCT_NAME = "$(TARGET_NAME)";
				SWIFT_VERSION = 5.0;
				TARGETED_DEVICE_FAMILY = "1,2";
				TEST_HOST = "$(BUILT_PRODUCTS_DIR)/Hahn_Tabbar_Swfir.app/Hahn_Tabbar_Swfir";
			};
			name = Release;
		};
		5DCFC37422C108A7005CE98D /* Debug */ = {
			isa = XCBuildConfiguration;
			buildSettings = {
				ALWAYS_EMBED_SWIFT_STANDARD_LIBRARIES = YES;
				CODE_SIGN_STYLE = Automatic;
				DEVELOPMENT_TEAM = Q723CCF8JH;
				INFOPLIST_FILE = Hahn_Tabbar_SwfirUITests/Info.plist;
				LD_RUNPATH_SEARCH_PATHS = (
					"$(inherited)",
					"@executable_path/Frameworks",
					"@loader_path/Frameworks",
				);
				PRODUCT_BUNDLE_IDENTIFIER = "com.Hahn-Tabbar-Swfir.Hahn-Tabbar-SwfirUITests";
				PRODUCT_NAME = "$(TARGET_NAME)";
				SWIFT_VERSION = 5.0;
				TARGETED_DEVICE_FAMILY = "1,2";
				TEST_TARGET_NAME = Hahn_Tabbar_Swfir;
			};
			name = Debug;
		};
		5DCFC37522C108A7005CE98D /* Release */ = {
			isa = XCBuildConfiguration;
			buildSettings = {
				ALWAYS_EMBED_SWIFT_STANDARD_LIBRARIES = YES;
				CODE_SIGN_STYLE = Automatic;
				DEVELOPMENT_TEAM = Q723CCF8JH;
				INFOPLIST_FILE = Hahn_Tabbar_SwfirUITests/Info.plist;
				LD_RUNPATH_SEARCH_PATHS = (
					"$(inherited)",
					"@executable_path/Frameworks",
					"@loader_path/Frameworks",
				);
				PRODUCT_BUNDLE_IDENTIFIER = "com.Hahn-Tabbar-Swfir.Hahn-Tabbar-SwfirUITests";
				PRODUCT_NAME = "$(TARGET_NAME)";
				SWIFT_VERSION = 5.0;
				TARGETED_DEVICE_FAMILY = "1,2";
				TEST_TARGET_NAME = Hahn_Tabbar_Swfir;
			};
			name = Release;
		};
/* End XCBuildConfiguration section */

/* Begin XCConfigurationList section */
		5DCFC34022C108A6005CE98D /* Build configuration list for PBXProject "Hahn_Tabbar_Swfir" */ = {
			isa = XCConfigurationList;
			buildConfigurations = (
				5DCFC36B22C108A7005CE98D /* Debug */,
				5DCFC36C22C108A7005CE98D /* Release */,
			);
			defaultConfigurationIsVisible = 0;
			defaultConfigurationName = Release;
		};
		5DCFC36D22C108A7005CE98D /* Build configuration list for PBXNativeTarget "Hahn_Tabbar_Swfir" */ = {
			isa = XCConfigurationList;
			buildConfigurations = (
				5DCFC36E22C108A7005CE98D /* Debug */,
				5DCFC36F22C108A7005CE98D /* Release */,
			);
			defaultConfigurationIsVisible = 0;
			defaultConfigurationName = Release;
		};
		5DCFC37022C108A7005CE98D /* Build configuration list for PBXNativeTarget "Hahn_Tabbar_SwfirTests" */ = {
			isa = XCConfigurationList;
			buildConfigurations = (
				5DCFC37122C108A7005CE98D /* Debug */,
				5DCFC37222C108A7005CE98D /* Release */,
			);
			defaultConfigurationIsVisible = 0;
			defaultConfigurationName = Release;
		};
		5DCFC37322C108A7005CE98D /* Build configuration list for PBXNativeTarget "Hahn_Tabbar_SwfirUITests" */ = {
			isa = XCConfigurationList;
			buildConfigurations = (
				5DCFC37422C108A7005CE98D /* Debug */,
				5DCFC37522C108A7005CE98D /* Release */,
			);
			defaultConfigurationIsVisible = 0;
			defaultConfigurationName = Release;
		};
/* End XCConfigurationList section */
	};
	rootObject = 5DCFC33D22C108A6005CE98D /* Project object */;
}
